{
  "name": "sample-vuln-app",
  "version": "1.0.0",
  "lockfileVersion": 3,
  "requires": true,
  "packages": {
    "": {
      "name": "sample-vuln-app",
      "version": "1.0.0",
      "dependencies": {
        "lodash": "4.17.15",
        "minimist": "1.2.0"
      }
    },
    "node_modules/lodash": {
      "version": "4.17.15",
      "resolved": "https://registry.npmjs.org/lodash/-/lodash-4.17.15.tgz",
      "integrity": "sha512-8xOcRHvCjnocdS5cpwXQXVzmmh5e5+saE2QGoeQmbKmRS6J3VQppPOIt0MnmE+4xlZoumy0GPG0D0MVIQbNA1A=="
    },
    "node_modules/minimist": {
      "version": "1.2.0",
      "resolved": "https://registry.npmjs.org/minimist/-/minimist-1.2.0.tgz",
      "integrity": "sha512-7Wl+Jz+IGWQkkOWSaLzHXlCjHVKfKGRTIgNqRUM+GBpRQwqTxLXcSJmYqDNKrJZgJEfPGVXWQhCr6XjqzHtCJg=="
    }
  }
}
